
Microsoft Visual Studio Solution File, Format Version 12.00
# Visual Studio Version 17
VisualStudioVersion = 17.4.33213.308
MinimumVisualStudioVersion = 10.0.40219.1
Project("{FAE04EC0-301F-11D3-BF4B-00C04F79EFBC}") = "AsyncAwait", "AsyncAwait\AsyncAwait.csproj", "{BD9ACE5D-59E2-48B5-B004-B21B0E2D6B11}"
EndProject
Global
	GlobalSection(SolutionConfigurationPlatforms) = preSolution
		Debug|Any CPU = Debug|Any CPU
		Release|Any CPU = Release|Any CPU
	EndGlobalSection
	GlobalSection(ProjectConfigurationPlatforms) = postSolution
		{BD9ACE5D-59E2-48B5-B004-B21B0E2D6B11}.Debug|Any CPU.ActiveCfg = Debug|Any CPU
		{BD9ACE5D-59E2-48B5-B004-B21B0E2D6B11}.Debug|Any CPU.Build.0 = Debug|Any CPU
		{BD9ACE5D-59E2-48B5-B004-B21B0E2D6B11}.Release|Any CPU.ActiveCfg = Release|Any CPU
		{BD9ACE5D-59E2-48B5-B004-B21B0E2D6B11}.Release|Any CPU.Build.0 = Release|Any CPU
	EndGlobalSection
	GlobalSection(SolutionProperties) = preSolution
		HideSolutionNode = FALSE
	EndGlobalSection
	GlobalSection(ExtensibilityGlobals) = postSolution
		SolutionGuid = {AAA8BF6D-B767-49A3-86B1-E732CBD09EC5}
	EndGlobalSection
EndGlobal
